
Microsoft Visual Studio Solution File, Format Version 12.00
# Visual Studio Version 16
VisualStudioVersion = 16.0.30413.136
MinimumVisualStudioVersion = 10.0.40219.1
Project("{FAE04EC0-301F-11D3-BF4B-00C04F79EFBC}") = "mazer", "mazer\mazer.csproj", "{BFBB8A94-7CAA-4A6A-83F5-4AC0B64CBB85}"
EndProject
Global
	GlobalSection(SolutionConfigurationPlatforms) = preSolution
		Debug|Any CPU = Debug|Any CPU
		Release|Any CPU = Release|Any CPU
	EndGlobalSection
	GlobalSection(ProjectConfigurationPlatforms) = postSolution
		{BFBB8A94-7CAA-4A6A-83F5-4AC0B64CBB85}.Debug|Any CPU.ActiveCfg = Debug|Any CPU
		{BFBB8A94-7CAA-4A6A-83F5-4AC0B64CBB85}.Debug|Any CPU.Build.0 = Debug|Any CPU
		{BFBB8A94-7CAA-4A6A-83F5-4AC0B64CBB85}.Release|Any CPU.ActiveCfg = Release|Any CPU
		{BFBB8A94-7CAA-4A6A-83F5-4AC0B64CBB85}.Release|Any CPU.Build.0 = Release|Any CPU
	EndGlobalSection
	GlobalSection(SolutionProperties) = preSolution
		HideSolutionNode = FALSE
	EndGlobalSection
	GlobalSection(ExtensibilityGlobals) = postSolution
		SolutionGuid = {84768154-5396-4680-8662-EFD040AB3A0B}
	EndGlobalSection
EndGlobal
